// !$*UTF8*$!
{
	archiveVersion = 1;
	classes = {
	};
	objectVersion = 55;
	objects = {

/* Begin PBXBuildFile section */
		3A9272B22764BA7300859D30 /* category.json in Resources */ = {isa = PBXBuildFile; fileRef = 3A9272B12764BA7300859D30 /* category.json */; };
		3A9272B42764BB0100859D30 /* CategoryModel.swift in Sources */ = {isa = PBXBuildFile; fileRef = 3A9272B32764BB0000859D30 /* CategoryModel.swift */; };
		3A99D53C2764CFB500C8B6B1 /* CodableBundleExtension.swift in Sources */ = {isa = PBXBuildFile; fileRef = 3A99D53B2764CFB500C8B6B1 /* CodableBundleExtension.swift */; };
		3A99D53E2764D23900C8B6B1 /* Constants.swift in Sources */ = {isa = PBXBuildFile; fileRef = 3A99D53D2764D23900C8B6B1 /* Constants.swift */; };
		3A99D5402764D25D00C8B6B1 /* CategoryView.swift in Sources */ = {isa = PBXBuildFile; fileRef = 3A99D53F2764D25D00C8B6B1 /* CategoryView.swift */; };
		3A99D5422764D73000C8B6B1 /* CategoryGridView.swift in Sources */ = {isa = PBXBuildFile; fileRef = 3A99D5412764D73000C8B6B1 /* CategoryGridView.swift */; };
		3A99D5442764D91900C8B6B1 /* SectionView.swift in Sources */ = {isa = PBXBuildFile; fileRef = 3A99D5432764D91900C8B6B1 /* SectionView.swift */; };
		3A99D5462764E53500C8B6B1 /* TitleView.swift in Sources */ = {isa = PBXBuildFile; fileRef = 3A99D5452764E53500C8B6B1 /* TitleView.swift */; };
		3AA270422762B59D001BC713 /* IKEAStoreApp.swift in Sources */ = {isa = PBXBuildFile; fileRef = 3AA270412762B59D001BC713 /* IKEAStoreApp.swift */; };
		3AA270442762B59E001BC713 /* ContentView.swift in Sources */ = {isa = PBXBuildFile; fileRef = 3AA270432762B59E001BC713 /* ContentView.swift */; };
		3AA270462762B59F001BC713 /* Assets.xcassets in Resources */ = {isa = PBXBuildFile; fileRef = 3AA270452762B59F001BC713 /* Assets.xcassets */; };
		3AA270492762B59F001BC713 /* Preview Assets.xcassets in Resources */ = {isa = PBXBuildFile; fileRef = 3AA270482762B59F001BC713 /* Preview Assets.xcassets */; };
		3AA270572762B66A001BC713 /* FooterView.swift in Sources */ = {isa = PBXBuildFile; fileRef = 3AA270562762B66A001BC713 /* FooterView.swift */; };
		3AA938942763504400EB2D79 /* NavigationBarView.swift in Sources */ = {isa = PBXBuildFile; fileRef = 3AA938932763504400EB2D79 /* NavigationBarView.swift */; };
/* End PBXBuildFile section */

/* Begin PBXFileReference section */
		3A9272B12764BA7300859D30 /* category.json */ = {isa = PBXFileReference; fileEncoding = 4; lastKnownFileType = text.json; path = category.json; sourceTree = SOURCE_ROOT; };
		3A9272B32764BB0000859D30 /* CategoryModel.swift */ = {isa = PBXFileReference; lastKnownFileType = sourcecode.swift; path = CategoryModel.swift; sourceTree = "<group>"; };
		3A99D53B2764CFB500C8B6B1 /* CodableBundleExtension.swift */ = {isa = PBXFileReference; lastKnownFileType = sourcecode.swift; path = CodableBundleExtension.swift; sourceTree = "<group>"; };
		3A99D53D2764D23900C8B6B1 /* Constants.swift */ = {isa = PBXFileReference; lastKnownFileType = sourcecode.swift; path = Constants.swift; sourceTree = "<group>"; };
		3A99D53F2764D25D00C8B6B1 /* CategoryView.swift */ = {isa = PBXFileReference; lastKnownFileType = sourcecode.swift; path = CategoryView.swift; sourceTree = "<group>"; };
		3A99D5412764D73000C8B6B1 /* CategoryGridView.swift */ = {isa = PBXFileReference; lastKnownFileType = sourcecode.swift; path = CategoryGridView.swift; sourceTree = "<group>"; };
		3A99D5432764D91900C8B6B1 /* SectionView.swift */ = {isa = PBXFileReference; lastKnownFileType = sourcecode.swift; path = SectionView.swift; sourceTree = "<group>"; };
		3A99D5452764E53500C8B6B1 /* TitleView.swift */ = {isa = PBXFileReference; lastKnownFileType = sourcecode.swift; path = TitleView.swift; sourceTree = "<group>"; };
		3AA2703E2762B59D001BC713 /* IKEAStore.app */ = {isa = PBXFileReference; explicitFileType = wrapper.application; includeInIndex = 0; path = IKEAStore.app; sourceTree = BUILT_PRODUCTS_DIR; };
		3AA270412762B59D001BC713 /* IKEAStoreApp.swift */ = {isa = PBXFileReference; lastKnownFileType = sourcecode.swift; path = IKEAStoreApp.swift; sourceTree = "<group>"; };
		3AA270432762B59E001BC713 /* ContentView.swift */ = {isa = PBXFileReference; lastKnownFileType = sourcecode.swift; path = ContentView.swift; sourceTree = "<group>"; };
		3AA270452762B59F001BC713 /* Assets.xcassets */ = {isa = PBXFileReference; lastKnownFileType = folder.assetcatalog; path = Assets.xcassets; sourceTree = "<group>"; };
		3AA270482762B59F001BC713 /* Preview Assets.xcassets */ = {isa = PBXFileReference; lastKnownFileType = folder.assetcatalog; path = "Preview Assets.xcassets"; sourceTree = "<group>"; };
		3AA270562762B66A001BC713 /* FooterView.swift */ = {isa = PBXFileReference; lastKnownFileType = sourcecode.swift; path = FooterView.swift; sourceTree = "<group>"; };
		3AA938932763504400EB2D79 /* NavigationBarView.swift */ = {isa = PBXFileReference; lastKnownFileType = sourcecode.swift; path = NavigationBarView.swift; sourceTree = "<group>"; };
/* End PBXFileReference section */

/* Begin PBXFrameworksBuildPhase section */
		3AA2703B2762B59D001BC713 /* Frameworks */ = {
			isa = PBXFrameworksBuildPhase;
			buildActionMask = 2147483647;
			files = (
			);
			runOnlyForDeploymentPostprocessing = 0;
		};
/* End PBXFrameworksBuildPhase section */

/* Begin PBXGroup section */
		3AA270352762B59D001BC713 = {
			isa = PBXGroup;
			children = (
				3AA270402762B59D001BC713 /* IKEAStore */,
				3AA2703F2762B59D001BC713 /* Products */,
			);
			sourceTree = "<group>";
		};
		3AA2703F2762B59D001BC713 /* Products */ = {
			isa = PBXGroup;
			children = (
				3AA2703E2762B59D001BC713 /* IKEAStore.app */,
			);
			name = Products;
			sourceTree = "<group>";
		};
		3AA270402762B59D001BC713 /* IKEAStore */ = {
			isa = PBXGroup;
			children = (
				3AA270412762B59D001BC713 /* IKEAStoreApp.swift */,
				3AA270432762B59E001BC713 /* ContentView.swift */,
				3AA270552762B64D001BC713 /* Utilities */,
				3AA270542762B646001BC713 /* Extensions */,
				3AA270532762B63F001BC713 /* Data */,
				3AA270522762B632001BC713 /* Model */,
				3AA2704F2762B615001BC713 /* View */,
				3AA270452762B59F001BC713 /* Assets.xcassets */,
				3AA270472762B59F001BC713 /* Preview Content */,
			);
			path = IKEAStore;
			sourceTree = "<group>";
		};
		3AA270472762B59F001BC713 /* Preview Content */ = {
			isa = PBXGroup;
			children = (
				3AA270482762B59F001BC713 /* Preview Assets.xcassets */,
			);
			path = "Preview Content";
			sourceTree = "<group>";
		};
		3AA2704F2762B615001BC713 /* View */ = {
			isa = PBXGroup;
			children = (
				3AA270512762B62A001BC713 /* Detail */,
				3AA270502762B621001BC713 /* Home */,
			);
			path = View;
			sourceTree = "<group>";
		};
		3AA270502762B621001BC713 /* Home */ = {
			isa = PBXGroup;
			children = (
				3AA270562762B66A001BC713 /* FooterView.swift */,
				3AA938932763504400EB2D79 /* NavigationBarView.swift */,
				3A99D53F2764D25D00C8B6B1 /* CategoryView.swift */,
				3A99D5412764D73000C8B6B1 /* CategoryGridView.swift */,
				3A99D5432764D91900C8B6B1 /* SectionView.swift */,
				3A99D5452764E53500C8B6B1 /* TitleView.swift */,
			);
			path = Home;
			sourceTree = "<group>";
		};
		3AA270512762B62A001BC713 /* Detail */ = {
			isa = PBXGroup;
			children = (
			);
			path = Detail;
			sourceTree = "<group>";
		};
		3AA270522762B632001BC713 /* Model */ = {
			isa = PBXGroup;
			children = (
				3A9272B32764BB0000859D30 /* CategoryModel.swift */,
			);
			path = Model;
			sourceTree = "<group>";
		};
		3AA270532762B63F001BC713 /* Data */ = {
			isa = PBXGroup;
			children = (
				3A9272B12764BA7300859D30 /* category.json */,
			);
			path = Data;
			sourceTree = "<group>";
		};
		3AA270542762B646001BC713 /* Extensions */ = {
			isa = PBXGroup;
			children = (
				3A99D53B2764CFB500C8B6B1 /* CodableBundleExtension.swift */,
			);
			path = Extensions;
			sourceTree = "<group>";
		};
		3AA270552762B64D001BC713 /* Utilities */ = {
			isa = PBXGroup;
			children = (
				3A99D53D2764D23900C8B6B1 /* Constants.swift */,
			);
			path = Utilities;
			sourceTree = "<group>";
		};
/* End PBXGroup section */

/* Begin PBXNativeTarget section */
		3AA2703D2762B59D001BC713 /* IKEAStore */ = {
			isa = PBXNativeTarget;
			buildConfigurationList = 3AA2704C2762B59F001BC713 /* Build configuration list for PBXNativeTarget "IKEAStore" */;
			buildPhases = (
				3AA2703A2762B59D001BC713 /* Sources */,
				3AA2703B2762B59D001BC713 /* Frameworks */,
				3AA2703C2762B59D001BC713 /* Resources */,
			);
			buildRules = (
			);
			dependencies = (
			);
			name = IKEAStore;
			productName = IKEAStore;
			productReference = 3AA2703E2762B59D001BC713 /* IKEAStore.app */;
			productType = "com.apple.product-type.application";
		};
/* End PBXNativeTarget section */

/* Begin PBXProject section */
		3AA270362762B59D001BC713 /* Project object */ = {
			isa = PBXProject;
			attributes = {
				BuildIndependentTargetsInParallel = 1;
				LastSwiftUpdateCheck = 1310;
				LastUpgradeCheck = 1310;
				TargetAttributes = {
					3AA2703D2762B59D001BC713 = {
						CreatedOnToolsVersion = 13.1;
					};
				};
			};
			buildConfigurationList = 3AA270392762B59D001BC713 /* Build configuration list for PBXProject "IKEAStore" */;
			compatibilityVersion = "Xcode 13.0";
			developmentRegion = en;
			hasScannedForEncodings = 0;
			knownRegions = (
				en,
				Base,
			);
			mainGroup = 3AA270352762B59D001BC713;
			productRefGroup = 3AA2703F2762B59D001BC713 /* Products */;
			projectDirPath = "";
			projectRoot = "";
			targets = (
				3AA2703D2762B59D001BC713 /* IKEAStore */,
			);
		};
/* End PBXProject section */

/* Begin PBXResourcesBuildPhase section */
		3AA2703C2762B59D001BC713 /* Resources */ = {
			isa = PBXResourcesBuildPhase;
			buildActionMask = 2147483647;
			files = (
				3A9272B22764BA7300859D30 /* category.json in Resources */,
				3AA270492762B59F001BC713 /* Preview Assets.xcassets in Resources */,
				3AA270462762B59F001BC713 /* Assets.xcassets in Resources */,
			);
			runOnlyForDeploymentPostprocessing = 0;
		};
/* End PBXResourcesBuildPhase section */

/* Begin PBXSourcesBuildPhase section */
		3AA2703A2762B59D001BC713 /* Sources */ = {
			isa = PBXSourcesBuildPhase;
			buildActionMask = 2147483647;
			files = (
				3AA270572762B66A001BC713 /* FooterView.swift in Sources */,
				3AA270442762B59E001BC713 /* ContentView.swift in Sources */,
				3A99D5442764D91900C8B6B1 /* SectionView.swift in Sources */,
				3A99D53C2764CFB500C8B6B1 /* CodableBundleExtension.swift in Sources */,
				3AA938942763504400EB2D79 /* NavigationBarView.swift in Sources */,
				3A99D53E2764D23900C8B6B1 /* Constants.swift in Sources */,
				3A9272B42764BB0100859D30 /* CategoryModel.swift in Sources */,
				3A99D5422764D73000C8B6B1 /* CategoryGridView.swift in Sources */,
				3A99D5462764E53500C8B6B1 /* TitleView.swift in Sources */,
				3A99D5402764D25D00C8B6B1 /* CategoryView.swift in Sources */,
				3AA270422762B59D001BC713 /* IKEAStoreApp.swift in Sources */,
			);
			runOnlyForDeploymentPostprocessing = 0;
		};
/* End PBXSourcesBuildPhase section */

/* Begin XCBuildConfiguration section */
		3AA2704A2762B59F001BC713 /* Debug */ = {
			isa = XCBuildConfiguration;
			buildSettings = {
				ALWAYS_SEARCH_USER_PATHS = NO;
				CLANG_ANALYZER_NONNULL = YES;
				CLANG_ANALYZER_NUMBER_OBJECT_CONVERSION = YES_AGGRESSIVE;
				CLANG_CXX_LANGUAGE_STANDARD = "gnu++17";
				CLANG_CXX_LIBRARY = "libc++";
				CLANG_ENABLE_MODULES = YES;
				CLANG_ENABLE_OBJC_ARC = YES;
				CLANG_ENABLE_OBJC_WEAK = YES;
				CLANG_WARN_BLOCK_CAPTURE_AUTORELEASING = YES;
				CLANG_WARN_BOOL_CONVERSION = YES;
				CLANG_WARN_COMMA = YES;
				CLANG_WARN_CONSTANT_CONVERSION = YES;
				CLANG_WARN_DEPRECATED_OBJC_IMPLEMENTATIONS = YES;
				CLANG_WARN_DIRECT_OBJC_ISA_USAGE = YES_ERROR;
				CLANG_WARN_DOCUMENTATION_COMMENTS = YES;
				CLANG_WARN_EMPTY_BODY = YES;
				CLANG_WARN_ENUM_CONVERSION = YES;
				CLANG_WARN_INFINITE_RECURSION = YES;
				CLANG_WARN_INT_CONVERSION = YES;
				CLANG_WARN_NON_LITERAL_NULL_CONVERSION = YES;
				CLANG_WARN_OBJC_IMPLICIT_RETAIN_SELF = YES;
				CLANG_WARN_OBJC_LITERAL_CONVERSION = YES;
				CLANG_WARN_OBJC_ROOT_CLASS = YES_ERROR;
				CLANG_WARN_QUOTED_INCLUDE_IN_FRAMEWORK_HEADER = YES;
				CLANG_WARN_RANGE_LOOP_ANALYSIS = YES;
				CLANG_WARN_STRICT_PROTOTYPES = YES;
				CLANG_WARN_SUSPICIOUS_MOVE = YES;
				CLANG_WARN_UNGUARDED_AVAILABILITY = YES_AGGRESSIVE;
				CLANG_WARN_UNREACHABLE_CODE = YES;
				CLANG_WARN__DUPLICATE_METHOD_MATCH = YES;
				COPY_PHASE_STRIP = NO;
				DEBUG_INFORMATION_FORMAT = dwarf;
				ENABLE_STRICT_OBJC_MSGSEND = YES;
				ENABLE_TESTABILITY = YES;
				GCC_C_LANGUAGE_STANDARD = gnu11;
				GCC_DYNAMIC_NO_PIC = NO;
				GCC_NO_COMMON_BLOCKS = YES;
				GCC_OPTIMIZATION_LEVEL = 0;
				GCC_PREPROCESSOR_DEFINITIONS = (
					"DEBUG=1",
					"$(inherited)",
				);
				GCC_WARN_64_TO_32_BIT_CONVERSION = YES;
				GCC_WARN_ABOUT_RETURN_TYPE = YES_ERROR;
				GCC_WARN_UNDECLARED_SELECTOR = YES;
				GCC_WARN_UNINITIALIZED_AUTOS = YES_AGGRESSIVE;
				GCC_WARN_UNUSED_FUNCTION = YES;
				GCC_WARN_UNUSED_VARIABLE = YES;
				IPHONEOS_DEPLOYMENT_TARGET = 15.0;
				MTL_ENABLE_DEBUG_INFO = INCLUDE_SOURCE;
				MTL_FAST_MATH = YES;
				ONLY_ACTIVE_ARCH = YES;
				SDKROOT = iphoneos;
				SWIFT_ACTIVE_COMPILATION_CONDITIONS = DEBUG;
				SWIFT_OPTIMIZATION_LEVEL = "-Onone";
			};
			name = Debug;
		};
		3AA2704B2762B59F001BC713 /* Release */ = {
			isa = XCBuildConfiguration;
			buildSettings = {
				ALWAYS_SEARCH_USER_PATHS = NO;
				CLANG_ANALYZER_NONNULL = YES;
				CLANG_ANALYZER_NUMBER_OBJECT_CONVERSION = YES_AGGRESSIVE;
				CLANG_CXX_LANGUAGE_STANDARD = "gnu++17";
				CLANG_CXX_LIBRARY = "libc++";
				CLANG_ENABLE_MODULES = YES;
				CLANG_ENABLE_OBJC_ARC = YES;
				CLANG_ENABLE_OBJC_WEAK = YES;
				CLANG_WARN_BLOCK_CAPTURE_AUTORELEASING = YES;
				CLANG_WARN_BOOL_CONVERSION = YES;
				CLANG_WARN_COMMA = YES;
				CLANG_WARN_CONSTANT_CONVERSION = YES;
				CLANG_WARN_DEPRECATED_OBJC_IMPLEMENTATIONS = YES;
				CLANG_WARN_DIRECT_OBJC_ISA_USAGE = YES_ERROR;
				CLANG_WARN_DOCUMENTATION_COMMENTS = YES;
				CLANG_WARN_EMPTY_BODY = YES;
				CLANG_WARN_ENUM_CONVERSION = YES;
				CLANG_WARN_INFINITE_RECURSION = YES;
				CLANG_WARN_INT_CONVERSION = YES;
				CLANG_WARN_NON_LITERAL_NULL_CONVERSION = YES;
				CLANG_WARN_OBJC_IMPLICIT_RETAIN_SELF = YES;
				CLANG_WARN_OBJC_LITERAL_CONVERSION = YES;
				CLANG_WARN_OBJC_ROOT_CLASS = YES_ERROR;
				CLANG_WARN_QUOTED_INCLUDE_IN_FRAMEWORK_HEADER = YES;
				CLANG_WARN_RANGE_LOOP_ANALYSIS = YES;
				CLANG_WARN_STRICT_PROTOTYPES = YES;
				CLANG_WARN_SUSPICIOUS_MOVE = YES;
				CLANG_WARN_UNGUARDED_AVAILABILITY = YES_AGGRESSIVE;
				CLANG_WARN_UNREACHABLE_CODE = YES;
				CLANG_WARN__DUPLICATE_METHOD_MATCH = YES;
				COPY_PHASE_STRIP = NO;
				DEBUG_INFORMATION_FORMAT = "dwarf-with-dsym";
				ENABLE_NS_ASSERTIONS = NO;
				ENABLE_STRICT_OBJC_MSGSEND = YES;
				GCC_C_LANGUAGE_STANDARD = gnu11;
				GCC_NO_COMMON_BLOCKS = YES;
				GCC_WARN_64_TO_32_BIT_CONVERSION = YES;
				GCC_WARN_ABOUT_RETURN_TYPE = YES_ERROR;
				GCC_WARN_UNDECLARED_SELECTOR = YES;
				GCC_WARN_UNINITIALIZED_AUTOS = YES_AGGRESSIVE;
				GCC_WARN_UNUSED_FUNCTION = YES;
				GCC_WARN_UNUSED_VARIABLE = YES;
				IPHONEOS_DEPLOYMENT_TARGET = 15.0;
				MTL_ENABLE_DEBUG_INFO = NO;
				MTL_FAST_MATH = YES;
				SDKROOT = iphoneos;
				SWIFT_COMPILATION_MODE = wholemodule;
				SWIFT_OPTIMIZATION_LEVEL = "-O";
				VALIDATE_PRODUCT = YES;
			};
			name = Release;
		};
		3AA2704D2762B59F001BC713 /* Debug */ = {
			isa = XCBuildConfiguration;
			buildSettings = {
				ASSETCATALOG_COMPILER_APPICON_NAME = AppIcon;
				ASSETCATALOG_COMPILER_GLOBAL_ACCENT_COLOR_NAME = AccentColor;
				CODE_SIGN_STYLE = Automatic;
				CURRENT_PROJECT_VERSION = 1;
				DEVELOPMENT_ASSET_PATHS = "\"IKEAStore/Preview Content\"";
				ENABLE_PREVIEWS = YES;
				GENERATE_INFOPLIST_FILE = YES;
				INFOPLIST_KEY_UIApplicationSceneManifest_Generation = YES;
				INFOPLIST_KEY_UIApplicationSupportsIndirectInputEvents = YES;
				INFOPLIST_KEY_UILaunchScreen_Generation = YES;
				INFOPLIST_KEY_UISupportedInterfaceOrientations_iPad = "UIInterfaceOrientationPortrait UIInterfaceOrientationPortraitUpsideDown UIInterfaceOrientationLandscapeLeft UIInterfaceOrientationLandscapeRight";
				INFOPLIST_KEY_UISupportedInterfaceOrientations_iPhone = "UIInterfaceOrientationPortrait UIInterfaceOrientationLandscapeLeft UIInterfaceOrientationLandscapeRight";
				LD_RUNPATH_SEARCH_PATHS = (
					"$(inherited)",
					"@executable_path/Frameworks",
				);
				MARKETING_VERSION = 1.0;
				PRODUCT_BUNDLE_IDENTIFIER = rit.edu.IKEAStore;
				PRODUCT_NAME = "$(TARGET_NAME)";
				SWIFT_EMIT_LOC_STRINGS = YES;
				SWIFT_VERSION = 5.0;
				TARGETED_DEVICE_FAMILY = "1,2";
			};
			name = Debug;
		};
		3AA2704E2762B59F001BC713 /* Release */ = {
			isa = XCBuildConfiguration;
			buildSettings = {
				ASSETCATALOG_COMPILER_APPICON_NAME = AppIcon;
				ASSETCATALOG_COMPILER_GLOBAL_ACCENT_COLOR_NAME = AccentColor;
				CODE_SIGN_STYLE = Automatic;
				CURRENT_PROJECT_VERSION = 1;
				DEVELOPMENT_ASSET_PATHS = "\"IKEAStore/Preview Content\"";
				ENABLE_PREVIEWS = YES;
				GENERATE_INFOPLIST_FILE = YES;
				INFOPLIST_KEY_UIApplicationSceneManifest_Generation = YES;
				INFOPLIST_KEY_UIApplicationSupportsIndirectInputEvents = YES;
				INFOPLIST_KEY_UILaunchScreen_Generation = YES;
				INFOPLIST_KEY_UISupportedInterfaceOrientations_iPad = "UIInterfaceOrientationPortrait UIInterfaceOrientationPortraitUpsideDown UIInterfaceOrientationLandscapeLeft UIInterfaceOrientationLandscapeRight";
				INFOPLIST_KEY_UISupportedInterfaceOrientations_iPhone = "UIInterfaceOrientationPortrait UIInterfaceOrientationLandscapeLeft UIInterfaceOrientationLandscapeRight";
				LD_RUNPATH_SEARCH_PATHS = (
					"$(inherited)",
					"@executable_path/Frameworks",
				);
				MARKETING_VERSION = 1.0;
				PRODUCT_BUNDLE_IDENTIFIER = rit.edu.IKEAStore;
				PRODUCT_NAME = "$(TARGET_NAME)";
				SWIFT_EMIT_LOC_STRINGS = YES;
				SWIFT_VERSION = 5.0;
				TARGETED_DEVICE_FAMILY = "1,2";
			};
			name = Release;
		};
/* End XCBuildConfiguration section */

/* Begin XCConfigurationList section */
		3AA270392762B59D001BC713 /* Build configuration list for PBXProject "IKEAStore" */ = {
			isa = XCConfigurationList;
			buildConfigurations = (
				3AA2704A2762B59F001BC713 /* Debug */,
				3AA2704B2762B59F001BC713 /* Release */,
			);
			defaultConfigurationIsVisible = 0;
			defaultConfigurationName = Release;
		};
		3AA2704C2762B59F001BC713 /* Build configuration list for PBXNativeTarget "IKEAStore" */ = {
			isa = XCConfigurationList;
			buildConfigurations = (
				3AA2704D2762B59F001BC713 /* Debug */,
				3AA2704E2762B59F001BC713 /* Release */,
			);
			defaultConfigurationIsVisible = 0;
			defaultConfigurationName = Release;
		};
/* End XCConfigurationList section */
	};
	rootObject = 3AA270362762B59D001BC713 /* Project object */;
}
